
Microsoft Visual Studio Solution File, Format Version 12.00
# Visual Studio Version 16
VisualStudioVersion = 16.0.28803.352
MinimumVisualStudioVersion = 10.0.40219.1
Project("{FAE04EC0-301F-11D3-BF4B-00C04F79EFBC}") = "ConsoleApp", "ConsoleApp\ConsoleApp.csproj", "{CDC81963-8AB7-4C7D-A98E-E8F0EF0A4AB6}"
EndProject
Project("{2150E333-8FDC-42A3-9474-1A3956D46DE8}") = "DAL", "DAL", "{DAD67863-0EA0-4C95-9BE9-5FB2E1CC323C}"
EndProject
Project("{FAE04EC0-301F-11D3-BF4B-00C04F79EFBC}") = "DAL.Entities", "DAL\DAL.Entities\DAL.Entities.csproj", "{A971962F-7FED-4ABA-9A36-8A6F6BC180A5}"
EndProject
Project("{FAE04EC0-301F-11D3-BF4B-00C04F79EFBC}") = "DAL.Abstraction", "DAL\DAL.Abstraction\DAL.Abstraction.csproj", "{2D95A37F-5036-429E-A003-8D805BB49220}"
EndProject
Project("{FAE04EC0-301F-11D3-BF4B-00C04F79EFBC}") = "DAL.EntityFramework", "DAL\DAL.EntityFramework\DAL.EntityFramework.csproj", "{95388188-5CF8-4427-B391-508034570ED6}"
EndProject
Project("{FAE04EC0-301F-11D3-BF4B-00C04F79EFBC}") = "DAL.Stub", "DAL\DAL.Stub\DAL.Stub.csproj", "{85442FFF-9CDC-4BB0-B48D-DE938B114479}"
EndProject
Project("{2150E333-8FDC-42A3-9474-1A3956D46DE8}") = "BLL", "BLL", "{ACEA1991-7919-4B0D-A5BC-C9D9CCB7E485}"
EndProject
Project("{FAE04EC0-301F-11D3-BF4B-00C04F79EFBC}") = "DTO", "BLL\DTO\DTO.csproj", "{5A01A49D-45A8-4142-9436-5FE855B8515E}"
EndProject
Project("{FAE04EC0-301F-11D3-BF4B-00C04F79EFBC}") = "BLL.Interfaces", "BLL\BLL.Interfaces\BLL.Interfaces.csproj", "{C813903D-3798-4EBE-880F-8D8173FE92E5}"
EndProject
Project("{FAE04EC0-301F-11D3-BF4B-00C04F79EFBC}") = "BLL.Services", "BLL\BLL.Services\BLL.Services.csproj", "{824FBE7C-C9EA-4023-9317-3F61FCC96C5C}"
EndProject
Project("{2150E333-8FDC-42A3-9474-1A3956D46DE8}") = "Infrastructure", "Infrastructure", "{B3844A0B-1818-4A30-A706-EB9B6402921B}"
EndProject
Project("{FAE04EC0-301F-11D3-BF4B-00C04F79EFBC}") = "Ioc", "Infrastructure\Ioc\Ioc.csproj", "{A8E6394D-E76A-489A-8B06-2DB2E2E8EDC6}"
EndProject
Project("{FAE04EC0-301F-11D3-BF4B-00C04F79EFBC}") = "WebUI", "WebUI\WebUI.csproj", "{4AE736FD-96AC-471D-9C13-76CD84AA2AAA}"
EndProject
Global
	GlobalSection(SolutionConfigurationPlatforms) = preSolution
		Debug|Any CPU = Debug|Any CPU
		Release|Any CPU = Release|Any CPU
	EndGlobalSection
	GlobalSection(ProjectConfigurationPlatforms) = postSolution
		{CDC81963-8AB7-4C7D-A98E-E8F0EF0A4AB6}.Debug|Any CPU.ActiveCfg = Debug|Any CPU
		{CDC81963-8AB7-4C7D-A98E-E8F0EF0A4AB6}.Debug|Any CPU.Build.0 = Debug|Any CPU
		{CDC81963-8AB7-4C7D-A98E-E8F0EF0A4AB6}.Release|Any CPU.ActiveCfg = Release|Any CPU
		{CDC81963-8AB7-4C7D-A98E-E8F0EF0A4AB6}.Release|Any CPU.Build.0 = Release|Any CPU
		{A971962F-7FED-4ABA-9A36-8A6F6BC180A5}.Debug|Any CPU.ActiveCfg = Debug|Any CPU
		{A971962F-7FED-4ABA-9A36-8A6F6BC180A5}.Debug|Any CPU.Build.0 = Debug|Any CPU
		{A971962F-7FED-4ABA-9A36-8A6F6BC180A5}.Release|Any CPU.ActiveCfg = Release|Any CPU
		{A971962F-7FED-4ABA-9A36-8A6F6BC180A5}.Release|Any CPU.Build.0 = Release|Any CPU
		{2D95A37F-5036-429E-A003-8D805BB49220}.Debug|Any CPU.ActiveCfg = Debug|Any CPU
		{2D95A37F-5036-429E-A003-8D805BB49220}.Debug|Any CPU.Build.0 = Debug|Any CPU
		{2D95A37F-5036-429E-A003-8D805BB49220}.Release|Any CPU.ActiveCfg = Release|Any CPU
		{2D95A37F-5036-429E-A003-8D805BB49220}.Release|Any CPU.Build.0 = Release|Any CPU
		{95388188-5CF8-4427-B391-508034570ED6}.Debug|Any CPU.ActiveCfg = Debug|Any CPU
		{95388188-5CF8-4427-B391-508034570ED6}.Debug|Any CPU.Build.0 = Debug|Any CPU
		{95388188-5CF8-4427-B391-508034570ED6}.Release|Any CPU.ActiveCfg = Release|Any CPU
		{95388188-5CF8-4427-B391-508034570ED6}.Release|Any CPU.Build.0 = Release|Any CPU
		{85442FFF-9CDC-4BB0-B48D-DE938B114479}.Debug|Any CPU.ActiveCfg = Debug|Any CPU
		{85442FFF-9CDC-4BB0-B48D-DE938B114479}.Debug|Any CPU.Build.0 = Debug|Any CPU
		{85442FFF-9CDC-4BB0-B48D-DE938B114479}.Release|Any CPU.ActiveCfg = Release|Any CPU
		{85442FFF-9CDC-4BB0-B48D-DE938B114479}.Release|Any CPU.Build.0 = Release|Any CPU
		{5A01A49D-45A8-4142-9436-5FE855B8515E}.Debug|Any CPU.ActiveCfg = Debug|Any CPU
		{5A01A49D-45A8-4142-9436-5FE855B8515E}.Debug|Any CPU.Build.0 = Debug|Any CPU
		{5A01A49D-45A8-4142-9436-5FE855B8515E}.Release|Any CPU.ActiveCfg = Release|Any CPU
		{5A01A49D-45A8-4142-9436-5FE855B8515E}.Release|Any CPU.Build.0 = Release|Any CPU
		{C813903D-3798-4EBE-880F-8D8173FE92E5}.Debug|Any CPU.ActiveCfg = Debug|Any CPU
		{C813903D-3798-4EBE-880F-8D8173FE92E5}.Debug|Any CPU.Build.0 = Debug|Any CPU
		{C813903D-3798-4EBE-880F-8D8173FE92E5}.Release|Any CPU.ActiveCfg = Release|Any CPU
		{C813903D-3798-4EBE-880F-8D8173FE92E5}.Release|Any CPU.Build.0 = Release|Any CPU
		{824FBE7C-C9EA-4023-9317-3F61FCC96C5C}.Debug|Any CPU.ActiveCfg = Debug|Any CPU
		{824FBE7C-C9EA-4023-9317-3F61FCC96C5C}.Debug|Any CPU.Build.0 = Debug|Any CPU
		{824FBE7C-C9EA-4023-9317-3F61FCC96C5C}.Release|Any CPU.ActiveCfg = Release|Any CPU
		{824FBE7C-C9EA-4023-9317-3F61FCC96C5C}.Release|Any CPU.Build.0 = Release|Any CPU
		{A8E6394D-E76A-489A-8B06-2DB2E2E8EDC6}.Debug|Any CPU.ActiveCfg = Debug|Any CPU
		{A8E6394D-E76A-489A-8B06-2DB2E2E8EDC6}.Debug|Any CPU.Build.0 = Debug|Any CPU
		{A8E6394D-E76A-489A-8B06-2DB2E2E8EDC6}.Release|Any CPU.ActiveCfg = Release|Any CPU
		{A8E6394D-E76A-489A-8B06-2DB2E2E8EDC6}.Release|Any CPU.Build.0 = Release|Any CPU
		{4AE736FD-96AC-471D-9C13-76CD84AA2AAA}.Debug|Any CPU.ActiveCfg = Debug|Any CPU
		{4AE736FD-96AC-471D-9C13-76CD84AA2AAA}.Debug|Any CPU.Build.0 = Debug|Any CPU
		{4AE736FD-96AC-471D-9C13-76CD84AA2AAA}.Release|Any CPU.ActiveCfg = Release|Any CPU
		{4AE736FD-96AC-471D-9C13-76CD84AA2AAA}.Release|Any CPU.Build.0 = Release|Any CPU
	EndGlobalSection
	GlobalSection(SolutionProperties) = preSolution
		HideSolutionNode = FALSE
	EndGlobalSection
	GlobalSection(NestedProjects) = preSolution
		{A971962F-7FED-4ABA-9A36-8A6F6BC180A5} = {DAD67863-0EA0-4C95-9BE9-5FB2E1CC323C}
		{2D95A37F-5036-429E-A003-8D805BB49220} = {DAD67863-0EA0-4C95-9BE9-5FB2E1CC323C}
		{95388188-5CF8-4427-B391-508034570ED6} = {DAD67863-0EA0-4C95-9BE9-5FB2E1CC323C}
		{85442FFF-9CDC-4BB0-B48D-DE938B114479} = {DAD67863-0EA0-4C95-9BE9-5FB2E1CC323C}
		{5A01A49D-45A8-4142-9436-5FE855B8515E} = {ACEA1991-7919-4B0D-A5BC-C9D9CCB7E485}
		{C813903D-3798-4EBE-880F-8D8173FE92E5} = {ACEA1991-7919-4B0D-A5BC-C9D9CCB7E485}
		{824FBE7C-C9EA-4023-9317-3F61FCC96C5C} = {ACEA1991-7919-4B0D-A5BC-C9D9CCB7E485}
		{A8E6394D-E76A-489A-8B06-2DB2E2E8EDC6} = {B3844A0B-1818-4A30-A706-EB9B6402921B}
	EndGlobalSection
	GlobalSection(ExtensibilityGlobals) = postSolution
		SolutionGuid = {9C7717C7-56ED-4722-9CF1-E9B451DB5B3E}
	EndGlobalSection
EndGlobal
